// !$*UTF8*$!
{
	archiveVersion = 1;
	classes = {
	};
	objectVersion = 56;
	objects = {

/* Begin PBXBuildFile section */
		232BF3592A2321470042FEF3 /* KariData.swift in Sources */ = {isa = PBXBuildFile; fileRef = 232BF3582A2321470042FEF3 /* KariData.swift */; };
		232BF35B2A2321E40042FEF3 /* WeatherType.swift in Sources */ = {isa = PBXBuildFile; fileRef = 232BF35A2A2321E40042FEF3 /* WeatherType.swift */; };
		232BF36B2A2351910042FEF3 /* Charts in Frameworks */ = {isa = PBXBuildFile; productRef = 232BF36A2A2351910042FEF3 /* Charts */; };
		232BF36D2A25849E0042FEF3 /* ExtensionDate.swift in Sources */ = {isa = PBXBuildFile; fileRef = 232BF36C2A25849E0042FEF3 /* ExtensionDate.swift */; };
		232BF36F2A25D8CC0042FEF3 /* ExtensionDateFormatter.swift in Sources */ = {isa = PBXBuildFile; fileRef = 232BF36E2A25D8CC0042FEF3 /* ExtensionDateFormatter.swift */; };
		2346CDE02A271F9E0017BB63 /* ExtensionCLAuthorizationStatus.swift in Sources */ = {isa = PBXBuildFile; fileRef = 2346CDDF2A271F9E0017BB63 /* ExtensionCLAuthorizationStatus.swift */; };
		2346CDE42A278B180017BB63 /* LocationManager.swift in Sources */ = {isa = PBXBuildFile; fileRef = 2346CDE32A278B180017BB63 /* LocationManager.swift */; };
		23809B8C2A0A83F5008CF97A /* AppDelegate.swift in Sources */ = {isa = PBXBuildFile; fileRef = 23809B8B2A0A83F5008CF97A /* AppDelegate.swift */; };
		23809B8E2A0A83F5008CF97A /* SceneDelegate.swift in Sources */ = {isa = PBXBuildFile; fileRef = 23809B8D2A0A83F5008CF97A /* SceneDelegate.swift */; };
		23809B952A0A83F7008CF97A /* Assets.xcassets in Resources */ = {isa = PBXBuildFile; fileRef = 23809B942A0A83F7008CF97A /* Assets.xcassets */; };
		23809BA12A0A892A008CF97A /* SplashViewController.swift in Sources */ = {isa = PBXBuildFile; fileRef = 23809B9F2A0A892A008CF97A /* SplashViewController.swift */; };
		23809BA22A0A892A008CF97A /* SplashView.xib in Resources */ = {isa = PBXBuildFile; fileRef = 23809BA02A0A892A008CF97A /* SplashView.xib */; };
		23809BA52A0A8986008CF97A /* MainViewController.swift in Sources */ = {isa = PBXBuildFile; fileRef = 23809BA32A0A8986008CF97A /* MainViewController.swift */; };
		23809BA62A0A8986008CF97A /* MainView.xib in Resources */ = {isa = PBXBuildFile; fileRef = 23809BA42A0A8986008CF97A /* MainView.xib */; };
		23809BAD2A0A89E6008CF97A /* DetailViewController.swift in Sources */ = {isa = PBXBuildFile; fileRef = 23809BAB2A0A89E6008CF97A /* DetailViewController.swift */; };
		23809BAE2A0A89E6008CF97A /* DetailView.xib in Resources */ = {isa = PBXBuildFile; fileRef = 23809BAC2A0A89E6008CF97A /* DetailView.xib */; };
		23809BB92A0A914D008CF97A /* SelectViewController.swift in Sources */ = {isa = PBXBuildFile; fileRef = 23809BB72A0A914D008CF97A /* SelectViewController.swift */; };
		23809BBA2A0A914D008CF97A /* SelectView.xib in Resources */ = {isa = PBXBuildFile; fileRef = 23809BB82A0A914D008CF97A /* SelectView.xib */; };
		23809BBD2A0A942F008CF97A /* SelectTableViewCell.swift in Sources */ = {isa = PBXBuildFile; fileRef = 23809BBB2A0A942F008CF97A /* SelectTableViewCell.swift */; };
		23809BBE2A0A942F008CF97A /* SelectTableViewCell.xib in Resources */ = {isa = PBXBuildFile; fileRef = 23809BBC2A0A942F008CF97A /* SelectTableViewCell.xib */; };
		23809BC12A0A94AC008CF97A /* DetailTableViewCell.swift in Sources */ = {isa = PBXBuildFile; fileRef = 23809BBF2A0A94AC008CF97A /* DetailTableViewCell.swift */; };
		23809BC22A0A94AC008CF97A /* DetailTableViewCell.xib in Resources */ = {isa = PBXBuildFile; fileRef = 23809BC02A0A94AC008CF97A /* DetailTableViewCell.xib */; };
		23D1C6C82A1F93B300126E54 /* ExtensionUIButton.swift in Sources */ = {isa = PBXBuildFile; fileRef = 23D1C6C72A1F93B300126E54 /* ExtensionUIButton.swift */; };
/* End PBXBuildFile section */

/* Begin PBXFileReference section */
		232BF3582A2321470042FEF3 /* KariData.swift */ = {isa = PBXFileReference; lastKnownFileType = sourcecode.swift; path = KariData.swift; sourceTree = "<group>"; };
		232BF35A2A2321E40042FEF3 /* WeatherType.swift */ = {isa = PBXFileReference; lastKnownFileType = sourcecode.swift; path = WeatherType.swift; sourceTree = "<group>"; };
		232BF36C2A25849E0042FEF3 /* ExtensionDate.swift */ = {isa = PBXFileReference; lastKnownFileType = sourcecode.swift; path = ExtensionDate.swift; sourceTree = "<group>"; };
		232BF36E2A25D8CC0042FEF3 /* ExtensionDateFormatter.swift */ = {isa = PBXFileReference; lastKnownFileType = sourcecode.swift; path = ExtensionDateFormatter.swift; sourceTree = "<group>"; };
		2346CDDF2A271F9E0017BB63 /* ExtensionCLAuthorizationStatus.swift */ = {isa = PBXFileReference; lastKnownFileType = sourcecode.swift; path = ExtensionCLAuthorizationStatus.swift; sourceTree = "<group>"; };
		2346CDE32A278B180017BB63 /* LocationManager.swift */ = {isa = PBXFileReference; lastKnownFileType = sourcecode.swift; path = LocationManager.swift; sourceTree = "<group>"; };
		23809B882A0A83F5008CF97A /* WeatherApp.app */ = {isa = PBXFileReference; explicitFileType = wrapper.application; includeInIndex = 0; path = WeatherApp.app; sourceTree = BUILT_PRODUCTS_DIR; };
		23809B8B2A0A83F5008CF97A /* AppDelegate.swift */ = {isa = PBXFileReference; lastKnownFileType = sourcecode.swift; path = AppDelegate.swift; sourceTree = "<group>"; };
		23809B8D2A0A83F5008CF97A /* SceneDelegate.swift */ = {isa = PBXFileReference; lastKnownFileType = sourcecode.swift; path = SceneDelegate.swift; sourceTree = "<group>"; };
		23809B942A0A83F7008CF97A /* Assets.xcassets */ = {isa = PBXFileReference; lastKnownFileType = folder.assetcatalog; path = Assets.xcassets; sourceTree = "<group>"; };
		23809B992A0A83F7008CF97A /* Info.plist */ = {isa = PBXFileReference; lastKnownFileType = text.plist.xml; path = Info.plist; sourceTree = "<group>"; };
		23809B9F2A0A892A008CF97A /* SplashViewController.swift */ = {isa = PBXFileReference; lastKnownFileType = sourcecode.swift; path = SplashViewController.swift; sourceTree = "<group>"; };
		23809BA02A0A892A008CF97A /* SplashView.xib */ = {isa = PBXFileReference; lastKnownFileType = file.xib; path = SplashView.xib; sourceTree = "<group>"; };
		23809BA32A0A8986008CF97A /* MainViewController.swift */ = {isa = PBXFileReference; lastKnownFileType = sourcecode.swift; path = MainViewController.swift; sourceTree = "<group>"; };
		23809BA42A0A8986008CF97A /* MainView.xib */ = {isa = PBXFileReference; lastKnownFileType = file.xib; path = MainView.xib; sourceTree = "<group>"; };
		23809BAB2A0A89E6008CF97A /* DetailViewController.swift */ = {isa = PBXFileReference; lastKnownFileType = sourcecode.swift; path = DetailViewController.swift; sourceTree = "<group>"; };
		23809BAC2A0A89E6008CF97A /* DetailView.xib */ = {isa = PBXFileReference; lastKnownFileType = file.xib; path = DetailView.xib; sourceTree = "<group>"; };
		23809BB72A0A914D008CF97A /* SelectViewController.swift */ = {isa = PBXFileReference; lastKnownFileType = sourcecode.swift; path = SelectViewController.swift; sourceTree = "<group>"; };
		23809BB82A0A914D008CF97A /* SelectView.xib */ = {isa = PBXFileReference; lastKnownFileType = file.xib; path = SelectView.xib; sourceTree = "<group>"; };
		23809BBB2A0A942F008CF97A /* SelectTableViewCell.swift */ = {isa = PBXFileReference; lastKnownFileType = sourcecode.swift; path = SelectTableViewCell.swift; sourceTree = "<group>"; };
		23809BBC2A0A942F008CF97A /* SelectTableViewCell.xib */ = {isa = PBXFileReference; lastKnownFileType = file.xib; path = SelectTableViewCell.xib; sourceTree = "<group>"; };
		23809BBF2A0A94AC008CF97A /* DetailTableViewCell.swift */ = {isa = PBXFileReference; lastKnownFileType = sourcecode.swift; path = DetailTableViewCell.swift; sourceTree = "<group>"; };
		23809BC02A0A94AC008CF97A /* DetailTableViewCell.xib */ = {isa = PBXFileReference; lastKnownFileType = file.xib; path = DetailTableViewCell.xib; sourceTree = "<group>"; };
		23D1C6C72A1F93B300126E54 /* ExtensionUIButton.swift */ = {isa = PBXFileReference; lastKnownFileType = sourcecode.swift; path = ExtensionUIButton.swift; sourceTree = "<group>"; };
/* End PBXFileReference section */

/* Begin PBXFrameworksBuildPhase section */
		23809B852A0A83F5008CF97A /* Frameworks */ = {
			isa = PBXFrameworksBuildPhase;
			buildActionMask = 2147483647;
			files = (
				232BF36B2A2351910042FEF3 /* Charts in Frameworks */,
			);
			runOnlyForDeploymentPostprocessing = 0;
		};
/* End PBXFrameworksBuildPhase section */

/* Begin PBXGroup section */
		23379CB32A16310E00CCDBD3 /* Models */ = {
			isa = PBXGroup;
			children = (
				232BF3582A2321470042FEF3 /* KariData.swift */,
				232BF35A2A2321E40042FEF3 /* WeatherType.swift */,
				2346CDE32A278B180017BB63 /* LocationManager.swift */,
			);
			path = Models;
			sourceTree = "<group>";
		};
		23379CB42A16312400CCDBD3 /* ViewControllers */ = {
			isa = PBXGroup;
			children = (
				23379CB72A16317800CCDBD3 /* Splash */,
				23379CB92A1631C300CCDBD3 /* Main */,
				23379CBA2A1631D300CCDBD3 /* Select */,
				23379CBB2A16320C00CCDBD3 /* Detail */,
			);
			path = ViewControllers;
			sourceTree = "<group>";
		};
		23379CB52A16314D00CCDBD3 /* Extensions */ = {
			isa = PBXGroup;
			children = (
				23D1C6C72A1F93B300126E54 /* ExtensionUIButton.swift */,
				232BF36C2A25849E0042FEF3 /* ExtensionDate.swift */,
				232BF36E2A25D8CC0042FEF3 /* ExtensionDateFormatter.swift */,
				2346CDDF2A271F9E0017BB63 /* ExtensionCLAuthorizationStatus.swift */,
			);
			path = Extensions;
			sourceTree = "<group>";
		};
		23379CB72A16317800CCDBD3 /* Splash */ = {
			isa = PBXGroup;
			children = (
				23809B9F2A0A892A008CF97A /* SplashViewController.swift */,
				23809BA02A0A892A008CF97A /* SplashView.xib */,
			);
			path = Splash;
			sourceTree = "<group>";
		};
		23379CB82A16319C00CCDBD3 /* Delegates */ = {
			isa = PBXGroup;
			children = (
				23809B8B2A0A83F5008CF97A /* AppDelegate.swift */,
				23809B8D2A0A83F5008CF97A /* SceneDelegate.swift */,
			);
			path = Delegates;
			sourceTree = "<group>";
		};
		23379CB92A1631C300CCDBD3 /* Main */ = {
			isa = PBXGroup;
			children = (
				23809BA32A0A8986008CF97A /* MainViewController.swift */,
				23809BA42A0A8986008CF97A /* MainView.xib */,
			);
			path = Main;
			sourceTree = "<group>";
		};
		23379CBA2A1631D300CCDBD3 /* Select */ = {
			isa = PBXGroup;
			children = (
				23809BB72A0A914D008CF97A /* SelectViewController.swift */,
				23809BB82A0A914D008CF97A /* SelectView.xib */,
				23809BBB2A0A942F008CF97A /* SelectTableViewCell.swift */,
				23809BBC2A0A942F008CF97A /* SelectTableViewCell.xib */,
			);
			path = Select;
			sourceTree = "<group>";
		};
		23379CBB2A16320C00CCDBD3 /* Detail */ = {
			isa = PBXGroup;
			children = (
				23809BAB2A0A89E6008CF97A /* DetailViewController.swift */,
				23809BAC2A0A89E6008CF97A /* DetailView.xib */,
				23809BBF2A0A94AC008CF97A /* DetailTableViewCell.swift */,
				23809BC02A0A94AC008CF97A /* DetailTableViewCell.xib */,
			);
			path = Detail;
			sourceTree = "<group>";
		};
		23809B7F2A0A83F5008CF97A = {
			isa = PBXGroup;
			children = (
				23809B8A2A0A83F5008CF97A /* WeatherApp */,
				23809B892A0A83F5008CF97A /* Products */,
			);
			sourceTree = "<group>";
		};
		23809B892A0A83F5008CF97A /* Products */ = {
			isa = PBXGroup;
			children = (
				23809B882A0A83F5008CF97A /* WeatherApp.app */,
			);
			name = Products;
			sourceTree = "<group>";
		};
		23809B8A2A0A83F5008CF97A /* WeatherApp */ = {
			isa = PBXGroup;
			children = (
				23379CB82A16319C00CCDBD3 /* Delegates */,
				23379CB32A16310E00CCDBD3 /* Models */,
				23379CB42A16312400CCDBD3 /* ViewControllers */,
				23379CB52A16314D00CCDBD3 /* Extensions */,
				23809B942A0A83F7008CF97A /* Assets.xcassets */,
				23809B992A0A83F7008CF97A /* Info.plist */,
			);
			path = WeatherApp;
			sourceTree = "<group>";
		};
/* End PBXGroup section */

/* Begin PBXNativeTarget section */
		23809B872A0A83F5008CF97A /* WeatherApp */ = {
			isa = PBXNativeTarget;
			buildConfigurationList = 23809B9C2A0A83F7008CF97A /* Build configuration list for PBXNativeTarget "WeatherApp" */;
			buildPhases = (
				23809B842A0A83F5008CF97A /* Sources */,
				23809B852A0A83F5008CF97A /* Frameworks */,
				23809B862A0A83F5008CF97A /* Resources */,
			);
			buildRules = (
			);
			dependencies = (
			);
			name = WeatherApp;
			packageProductDependencies = (
				232BF36A2A2351910042FEF3 /* Charts */,
			);
			productName = WeatherApp;
			productReference = 23809B882A0A83F5008CF97A /* WeatherApp.app */;
			productType = "com.apple.product-type.application";
		};
/* End PBXNativeTarget section */

/* Begin PBXProject section */
		23809B802A0A83F5008CF97A /* Project object */ = {
			isa = PBXProject;
			attributes = {
				BuildIndependentTargetsInParallel = 1;
				LastSwiftUpdateCheck = 1420;
				LastUpgradeCheck = 1420;
				TargetAttributes = {
					23809B872A0A83F5008CF97A = {
						CreatedOnToolsVersion = 14.2;
					};
				};
			};
			buildConfigurationList = 23809B832A0A83F5008CF97A /* Build configuration list for PBXProject "WeatherApp" */;
			compatibilityVersion = "Xcode 14.0";
			developmentRegion = en;
			hasScannedForEncodings = 0;
			knownRegions = (
				en,
				Base,
			);
			mainGroup = 23809B7F2A0A83F5008CF97A;
			packageReferences = (
				232BF3692A2351910042FEF3 /* XCRemoteSwiftPackageReference "Charts" */,
			);
			productRefGroup = 23809B892A0A83F5008CF97A /* Products */;
			projectDirPath = "";
			projectRoot = "";
			targets = (
				23809B872A0A83F5008CF97A /* WeatherApp */,
			);
		};
/* End PBXProject section */

/* Begin PBXResourcesBuildPhase section */
		23809B862A0A83F5008CF97A /* Resources */ = {
			isa = PBXResourcesBuildPhase;
			buildActionMask = 2147483647;
			files = (
				23809BAE2A0A89E6008CF97A /* DetailView.xib in Resources */,
				23809BA22A0A892A008CF97A /* SplashView.xib in Resources */,
				23809B952A0A83F7008CF97A /* Assets.xcassets in Resources */,
				23809BBA2A0A914D008CF97A /* SelectView.xib in Resources */,
				23809BA62A0A8986008CF97A /* MainView.xib in Resources */,
				23809BC22A0A94AC008CF97A /* DetailTableViewCell.xib in Resources */,
				23809BBE2A0A942F008CF97A /* SelectTableViewCell.xib in Resources */,
			);
			runOnlyForDeploymentPostprocessing = 0;
		};
/* End PBXResourcesBuildPhase section */

/* Begin PBXSourcesBuildPhase section */
		23809B842A0A83F5008CF97A /* Sources */ = {
			isa = PBXSourcesBuildPhase;
			buildActionMask = 2147483647;
			files = (
				232BF3592A2321470042FEF3 /* KariData.swift in Sources */,
				23809B8C2A0A83F5008CF97A /* AppDelegate.swift in Sources */,
				2346CDE42A278B180017BB63 /* LocationManager.swift in Sources */,
				23809B8E2A0A83F5008CF97A /* SceneDelegate.swift in Sources */,
				23809BC12A0A94AC008CF97A /* DetailTableViewCell.swift in Sources */,
				23809BAD2A0A89E6008CF97A /* DetailViewController.swift in Sources */,
				23809BA12A0A892A008CF97A /* SplashViewController.swift in Sources */,
				232BF36F2A25D8CC0042FEF3 /* ExtensionDateFormatter.swift in Sources */,
				23D1C6C82A1F93B300126E54 /* ExtensionUIButton.swift in Sources */,
				23809BB92A0A914D008CF97A /* SelectViewController.swift in Sources */,
				23809BA52A0A8986008CF97A /* MainViewController.swift in Sources */,
				2346CDE02A271F9E0017BB63 /* ExtensionCLAuthorizationStatus.swift in Sources */,
				23809BBD2A0A942F008CF97A /* SelectTableViewCell.swift in Sources */,
				232BF35B2A2321E40042FEF3 /* WeatherType.swift in Sources */,
				232BF36D2A25849E0042FEF3 /* ExtensionDate.swift in Sources */,
			);
			runOnlyForDeploymentPostprocessing = 0;
		};
/* End PBXSourcesBuildPhase section */

/* Begin XCBuildConfiguration section */
		23809B9A2A0A83F7008CF97A /* Debug */ = {
			isa = XCBuildConfiguration;
			buildSettings = {
				ALWAYS_SEARCH_USER_PATHS = NO;
				CLANG_ANALYZER_NONNULL = YES;
				CLANG_ANALYZER_NUMBER_OBJECT_CONVERSION = YES_AGGRESSIVE;
				CLANG_CXX_LANGUAGE_STANDARD = "gnu++20";
				CLANG_ENABLE_MODULES = YES;
				CLANG_ENABLE_OBJC_ARC = YES;
				CLANG_ENABLE_OBJC_WEAK = YES;
				CLANG_WARN_BLOCK_CAPTURE_AUTORELEASING = YES;
				CLANG_WARN_BOOL_CONVERSION = YES;
				CLANG_WARN_COMMA = YES;
				CLANG_WARN_CONSTANT_CONVERSION = YES;
				CLANG_WARN_DEPRECATED_OBJC_IMPLEMENTATIONS = YES;
				CLANG_WARN_DIRECT_OBJC_ISA_USAGE = YES_ERROR;
				CLANG_WARN_DOCUMENTATION_COMMENTS = YES;
				CLANG_WARN_EMPTY_BODY = YES;
				CLANG_WARN_ENUM_CONVERSION = YES;
				CLANG_WARN_INFINITE_RECURSION = YES;
				CLANG_WARN_INT_CONVERSION = YES;
				CLANG_WARN_NON_LITERAL_NULL_CONVERSION = YES;
				CLANG_WARN_OBJC_IMPLICIT_RETAIN_SELF = YES;
				CLANG_WARN_OBJC_LITERAL_CONVERSION = YES;
				CLANG_WARN_OBJC_ROOT_CLASS = YES_ERROR;
				CLANG_WARN_QUOTED_INCLUDE_IN_FRAMEWORK_HEADER = YES;
				CLANG_WARN_RANGE_LOOP_ANALYSIS = YES;
				CLANG_WARN_STRICT_PROTOTYPES = YES;
				CLANG_WARN_SUSPICIOUS_MOVE = YES;
				CLANG_WARN_UNGUARDED_AVAILABILITY = YES_AGGRESSIVE;
				CLANG_WARN_UNREACHABLE_CODE = YES;
				CLANG_WARN__DUPLICATE_METHOD_MATCH = YES;
				COPY_PHASE_STRIP = NO;
				DEBUG_INFORMATION_FORMAT = dwarf;
				ENABLE_STRICT_OBJC_MSGSEND = YES;
				ENABLE_TESTABILITY = YES;
				GCC_C_LANGUAGE_STANDARD = gnu11;
				GCC_DYNAMIC_NO_PIC = NO;
				GCC_NO_COMMON_BLOCKS = YES;
				GCC_OPTIMIZATION_LEVEL = 0;
				GCC_PREPROCESSOR_DEFINITIONS = (
					"DEBUG=1",
					"$(inherited)",
				);
				GCC_WARN_64_TO_32_BIT_CONVERSION = YES;
				GCC_WARN_ABOUT_RETURN_TYPE = YES_ERROR;
				GCC_WARN_UNDECLARED_SELECTOR = YES;
				GCC_WARN_UNINITIALIZED_AUTOS = YES_AGGRESSIVE;
				GCC_WARN_UNUSED_FUNCTION = YES;
				GCC_WARN_UNUSED_VARIABLE = YES;
				IPHONEOS_DEPLOYMENT_TARGET = 14.0;
				MTL_ENABLE_DEBUG_INFO = INCLUDE_SOURCE;
				MTL_FAST_MATH = YES;
				ONLY_ACTIVE_ARCH = YES;
				SDKROOT = iphoneos;
				SWIFT_ACTIVE_COMPILATION_CONDITIONS = DEBUG;
				SWIFT_OPTIMIZATION_LEVEL = "-Onone";
			};
			name = Debug;
		};
		23809B9B2A0A83F7008CF97A /* Release */ = {
			isa = XCBuildConfiguration;
			buildSettings = {
				ALWAYS_SEARCH_USER_PATHS = NO;
				CLANG_ANALYZER_NONNULL = YES;
				CLANG_ANALYZER_NUMBER_OBJECT_CONVERSION = YES_AGGRESSIVE;
				CLANG_CXX_LANGUAGE_STANDARD = "gnu++20";
				CLANG_ENABLE_MODULES = YES;
				CLANG_ENABLE_OBJC_ARC = YES;
				CLANG_ENABLE_OBJC_WEAK = YES;
				CLANG_WARN_BLOCK_CAPTURE_AUTORELEASING = YES;
				CLANG_WARN_BOOL_CONVERSION = YES;
				CLANG_WARN_COMMA = YES;
				CLANG_WARN_CONSTANT_CONVERSION = YES;
				CLANG_WARN_DEPRECATED_OBJC_IMPLEMENTATIONS = YES;
				CLANG_WARN_DIRECT_OBJC_ISA_USAGE = YES_ERROR;
				CLANG_WARN_DOCUMENTATION_COMMENTS = YES;
				CLANG_WARN_EMPTY_BODY = YES;
				CLANG_WARN_ENUM_CONVERSION = YES;
				CLANG_WARN_INFINITE_RECURSION = YES;
				CLANG_WARN_INT_CONVERSION = YES;
				CLANG_WARN_NON_LITERAL_NULL_CONVERSION = YES;
				CLANG_WARN_OBJC_IMPLICIT_RETAIN_SELF = YES;
				CLANG_WARN_OBJC_LITERAL_CONVERSION = YES;
				CLANG_WARN_OBJC_ROOT_CLASS = YES_ERROR;
				CLANG_WARN_QUOTED_INCLUDE_IN_FRAMEWORK_HEADER = YES;
				CLANG_WARN_RANGE_LOOP_ANALYSIS = YES;
				CLANG_WARN_STRICT_PROTOTYPES = YES;
				CLANG_WARN_SUSPICIOUS_MOVE = YES;
				CLANG_WARN_UNGUARDED_AVAILABILITY = YES_AGGRESSIVE;
				CLANG_WARN_UNREACHABLE_CODE = YES;
				CLANG_WARN__DUPLICATE_METHOD_MATCH = YES;
				COPY_PHASE_STRIP = NO;
				DEBUG_INFORMATION_FORMAT = "dwarf-with-dsym";
				ENABLE_NS_ASSERTIONS = NO;
				ENABLE_STRICT_OBJC_MSGSEND = YES;
				GCC_C_LANGUAGE_STANDARD = gnu11;
				GCC_NO_COMMON_BLOCKS = YES;
				GCC_WARN_64_TO_32_BIT_CONVERSION = YES;
				GCC_WARN_ABOUT_RETURN_TYPE = YES_ERROR;
				GCC_WARN_UNDECLARED_SELECTOR = YES;
				GCC_WARN_UNINITIALIZED_AUTOS = YES_AGGRESSIVE;
				GCC_WARN_UNUSED_FUNCTION = YES;
				GCC_WARN_UNUSED_VARIABLE = YES;
				IPHONEOS_DEPLOYMENT_TARGET = 14.0;
				MTL_ENABLE_DEBUG_INFO = NO;
				MTL_FAST_MATH = YES;
				SDKROOT = iphoneos;
				SWIFT_COMPILATION_MODE = wholemodule;
				SWIFT_OPTIMIZATION_LEVEL = "-O";
				VALIDATE_PRODUCT = YES;
			};
			name = Release;
		};
		23809B9D2A0A83F7008CF97A /* Debug */ = {
			isa = XCBuildConfiguration;
			buildSettings = {
				ASSETCATALOG_COMPILER_APPICON_NAME = AppIcon;
				ASSETCATALOG_COMPILER_GLOBAL_ACCENT_COLOR_NAME = AccentColor;
				CODE_SIGN_STYLE = Automatic;
				CURRENT_PROJECT_VERSION = 1;
				DEVELOPMENT_TEAM = 8GLVHJH8KR;
				GENERATE_INFOPLIST_FILE = YES;
				INFOPLIST_FILE = WeatherApp/Info.plist;
				INFOPLIST_KEY_NSLocationWhenInUseUsageDescription = "この端末の位置情報へのアクセスをWeatherAppに許可しますか？";
				INFOPLIST_KEY_UIApplicationSupportsIndirectInputEvents = YES;
				INFOPLIST_KEY_UILaunchStoryboardName = LaunchScreen;
				INFOPLIST_KEY_UIStatusBarHidden = NO;
				INFOPLIST_KEY_UIStatusBarStyle = "";
				INFOPLIST_KEY_UISupportedInterfaceOrientations = UIInterfaceOrientationPortrait;
				IPHONEOS_DEPLOYMENT_TARGET = 14.0;
				LD_RUNPATH_SEARCH_PATHS = (
					"$(inherited)",
					"@executable_path/Frameworks",
				);
				MARKETING_VERSION = 1.0;
				PRODUCT_BUNDLE_IDENTIFIER = com.gmail.yuukunn3777.WeatherApp;
				PRODUCT_NAME = "$(TARGET_NAME)";
				SUPPORTED_PLATFORMS = "iphoneos iphonesimulator";
				SUPPORTS_MACCATALYST = NO;
				SUPPORTS_MAC_DESIGNED_FOR_IPHONE_IPAD = NO;
				SWIFT_EMIT_LOC_STRINGS = YES;
				SWIFT_VERSION = 5.0;
				TARGETED_DEVICE_FAMILY = 1;
			};
			name = Debug;
		};
		23809B9E2A0A83F7008CF97A /* Release */ = {
			isa = XCBuildConfiguration;
			buildSettings = {
				ASSETCATALOG_COMPILER_APPICON_NAME = AppIcon;
				ASSETCATALOG_COMPILER_GLOBAL_ACCENT_COLOR_NAME = AccentColor;
				CODE_SIGN_STYLE = Automatic;
				CURRENT_PROJECT_VERSION = 1;
				DEVELOPMENT_TEAM = 8GLVHJH8KR;
				GENERATE_INFOPLIST_FILE = YES;
				INFOPLIST_FILE = WeatherApp/Info.plist;
				INFOPLIST_KEY_NSLocationWhenInUseUsageDescription = "この端末の位置情報へのアクセスをWeatherAppに許可しますか？";
				INFOPLIST_KEY_UIApplicationSupportsIndirectInputEvents = YES;
				INFOPLIST_KEY_UILaunchStoryboardName = LaunchScreen;
				INFOPLIST_KEY_UIStatusBarHidden = NO;
				INFOPLIST_KEY_UIStatusBarStyle = "";
				INFOPLIST_KEY_UISupportedInterfaceOrientations = UIInterfaceOrientationPortrait;
				IPHONEOS_DEPLOYMENT_TARGET = 14.0;
				LD_RUNPATH_SEARCH_PATHS = (
					"$(inherited)",
					"@executable_path/Frameworks",
				);
				MARKETING_VERSION = 1.0;
				PRODUCT_BUNDLE_IDENTIFIER = com.gmail.yuukunn3777.WeatherApp;
				PRODUCT_NAME = "$(TARGET_NAME)";
				SUPPORTED_PLATFORMS = "iphoneos iphonesimulator";
				SUPPORTS_MACCATALYST = NO;
				SUPPORTS_MAC_DESIGNED_FOR_IPHONE_IPAD = NO;
				SWIFT_EMIT_LOC_STRINGS = YES;
				SWIFT_VERSION = 5.0;
				TARGETED_DEVICE_FAMILY = 1;
			};
			name = Release;
		};
/* End XCBuildConfiguration section */

/* Begin XCConfigurationList section */
		23809B832A0A83F5008CF97A /* Build configuration list for PBXProject "WeatherApp" */ = {
			isa = XCConfigurationList;
			buildConfigurations = (
				23809B9A2A0A83F7008CF97A /* Debug */,
				23809B9B2A0A83F7008CF97A /* Release */,
			);
			defaultConfigurationIsVisible = 0;
			defaultConfigurationName = Release;
		};
		23809B9C2A0A83F7008CF97A /* Build configuration list for PBXNativeTarget "WeatherApp" */ = {
			isa = XCConfigurationList;
			buildConfigurations = (
				23809B9D2A0A83F7008CF97A /* Debug */,
				23809B9E2A0A83F7008CF97A /* Release */,
			);
			defaultConfigurationIsVisible = 0;
			defaultConfigurationName = Release;
		};
/* End XCConfigurationList section */

/* Begin XCRemoteSwiftPackageReference section */
		232BF3692A2351910042FEF3 /* XCRemoteSwiftPackageReference "Charts" */ = {
			isa = XCRemoteSwiftPackageReference;
			repositoryURL = "https://github.com/danielgindi/Charts.git";
			requirement = {
				branch = master;
				kind = branch;
			};
		};
/* End XCRemoteSwiftPackageReference section */

/* Begin XCSwiftPackageProductDependency section */
		232BF36A2A2351910042FEF3 /* Charts */ = {
			isa = XCSwiftPackageProductDependency;
			package = 232BF3692A2351910042FEF3 /* XCRemoteSwiftPackageReference "Charts" */;
			productName = Charts;
		};
/* End XCSwiftPackageProductDependency section */
	};
	rootObject = 23809B802A0A83F5008CF97A /* Project object */;
}
